{
  "name": "@ub-design/components-web-components",
  "version": "0.0.1",
  "lockfileVersion": 2,
  "requires": true,
  "packages": {
    "": {
      "name": "@ub-design/components-web-components",
      "version": "0.0.1",
      "license": "ISC",
      "dependencies": {
        "@acab/reset.css": "^0.5.3",
        "@sp-design/token": "git+https://github.com/uzabase/sp-design-token.git#semver:^4.1.0"
      },
      "devDependencies": {
        "prettier": "3.0.0",
        "prettier-plugin-organize-imports": "^3.2.3"
      }
    },
    "node_modules/@acab/reset.css": {
      "version": "0.5.3",
      "resolved": "https://registry.npmjs.org/@acab/reset.css/-/reset.css-0.5.3.tgz",
      "integrity": "sha512-pICfxGIMPgPCEm3lCpA16c00IKnpLeZmt7VtNoNfQX38jx7GuP0uEaUkU/QSxbWJaLmvAFpUJHwCLYZrMt2K7w=="
    },
    "node_modules/@sp-design/token": {
      "version": "4.1.0",
      "resolved": "git+ssh://git@github.com/uzabase/sp-design-token.git#55ac0a304c0de03ed47f7b5f1256d4119f3f0420",
      "license": "UNLICENSED"
    },
    "node_modules/prettier": {
      "version": "3.0.0",
      "resolved": "https://registry.npmjs.org/prettier/-/prettier-3.0.0.tgz",
      "integrity": "sha512-zBf5eHpwHOGPC47h0zrPyNn+eAEIdEzfywMoYn2XPi0P44Zp0tSq64rq0xAREh4auw2cJZHo9QUob+NqCQky4g==",
      "dev": true,
      "bin": {
        "prettier": "bin/prettier.cjs"
      },
      "engines": {
        "node": ">=14"
      },
      "funding": {
        "url": "https://github.com/prettier/prettier?sponsor=1"
      }
    },
    "node_modules/prettier-plugin-organize-imports": {
      "version": "3.2.3",
      "resolved": "https://registry.npmjs.org/prettier-plugin-organize-imports/-/prettier-plugin-organize-imports-3.2.3.tgz",
      "integrity": "sha512-KFvk8C/zGyvUaE3RvxN2MhCLwzV6OBbFSkwZ2OamCrs9ZY4i5L77jQ/w4UmUr+lqX8qbaqVq6bZZkApn+IgJSg==",
      "dev": true,
      "peerDependencies": {
        "@volar/vue-language-plugin-pug": "^1.0.4",
        "@volar/vue-typescript": "^1.0.4",
        "prettier": ">=2.0",
        "typescript": ">=2.9"
      },
      "peerDependenciesMeta": {
        "@volar/vue-language-plugin-pug": {
          "optional": true
        },
        "@volar/vue-typescript": {
          "optional": true
        }
      }
    },
    "node_modules/typescript": {
      "version": "5.1.6",
      "resolved": "https://registry.npmjs.org/typescript/-/typescript-5.1.6.tgz",
      "integrity": "sha512-zaWCozRZ6DLEWAWFrVDz1H6FVXzUSfTy5FUMWsQlU8Ym5JP9eO4xkTIROFCQvhQf61z6O/G6ugw3SgAnvvm+HA==",
      "dev": true,
      "peer": true,
      "bin": {
        "tsc": "bin/tsc",
        "tsserver": "bin/tsserver"
      },
      "engines": {
        "node": ">=14.17"
      }
    }
  },
  "dependencies": {
    "@acab/reset.css": {
      "version": "0.5.3",
      "resolved": "https://registry.npmjs.org/@acab/reset.css/-/reset.css-0.5.3.tgz",
      "integrity": "sha512-pICfxGIMPgPCEm3lCpA16c00IKnpLeZmt7VtNoNfQX38jx7GuP0uEaUkU/QSxbWJaLmvAFpUJHwCLYZrMt2K7w=="
    },
    "@sp-design/token": {
      "version": "git+ssh://git@github.com/uzabase/sp-design-token.git#55ac0a304c0de03ed47f7b5f1256d4119f3f0420",
      "from": "@sp-design/token@git+https://github.com/uzabase/sp-design-token.git#semver:^4.1.0"
    },
    "prettier": {
      "version": "3.0.0",
      "resolved": "https://registry.npmjs.org/prettier/-/prettier-3.0.0.tgz",
      "integrity": "sha512-zBf5eHpwHOGPC47h0zrPyNn+eAEIdEzfywMoYn2XPi0P44Zp0tSq64rq0xAREh4auw2cJZHo9QUob+NqCQky4g==",
      "dev": true
    },
    "prettier-plugin-organize-imports": {
      "version": "3.2.3",
      "resolved": "https://registry.npmjs.org/prettier-plugin-organize-imports/-/prettier-plugin-organize-imports-3.2.3.tgz",
      "integrity": "sha512-KFvk8C/zGyvUaE3RvxN2MhCLwzV6OBbFSkwZ2OamCrs9ZY4i5L77jQ/w4UmUr+lqX8qbaqVq6bZZkApn+IgJSg==",
      "dev": true,
      "requires": {}
    },
    "typescript": {
      "version": "5.1.6",
      "resolved": "https://registry.npmjs.org/typescript/-/typescript-5.1.6.tgz",
      "integrity": "sha512-zaWCozRZ6DLEWAWFrVDz1H6FVXzUSfTy5FUMWsQlU8Ym5JP9eO4xkTIROFCQvhQf61z6O/G6ugw3SgAnvvm+HA==",
      "dev": true,
      "peer": true
    }
  }
}
